
Microsoft Visual Studio Solution File, Format Version 12.00
Project("{FAE04EC0-301F-11D3-BF4B-00C04F79EFBC}") = "ProfilesApp", "ProfilesApp\ProfilesApp.csproj", "{DFE1312A-88F3-40F6-971D-87616738DCFC}"
EndProject
Global
	GlobalSection(SolutionConfigurationPlatforms) = preSolution
		Debug|Any CPU = Debug|Any CPU
		Release|Any CPU = Release|Any CPU
	EndGlobalSection
	GlobalSection(ProjectConfigurationPlatforms) = postSolution
		{DFE1312A-88F3-40F6-971D-87616738DCFC}.Debug|Any CPU.ActiveCfg = Debug|Any CPU
		{DFE1312A-88F3-40F6-971D-87616738DCFC}.Debug|Any CPU.Build.0 = Debug|Any CPU
		{DFE1312A-88F3-40F6-971D-87616738DCFC}.Release|Any CPU.ActiveCfg = Release|Any CPU
		{DFE1312A-88F3-40F6-971D-87616738DCFC}.Release|Any CPU.Build.0 = Release|Any CPU
	EndGlobalSection
EndGlobal
